
Microsoft Visual Studio Solution File, Format Version 12.00
# Visual Studio Version 17
VisualStudioVersion = 17.0.31919.166
MinimumVisualStudioVersion = 10.0.40219.1
Project("{54A90642-561A-4BB1-A94E-469ADEE60C69}") = "ToDoApp_Frontend", "reactproject1\ToDoApp_Frontend.esproj", "{D29D47E3-CD3C-4F0B-A321-EEB5CC307286}"
EndProject
Project("{9A19103F-16F7-4668-BE54-9A1E7A4F7556}") = "ToDoApp_Backend", "WebApplication1\ToDoApp_Backend.csproj", "{00C70DB6-C001-46D3-BA3F-234220F01732}"
EndProject
Project("{FAE04EC0-301F-11D3-BF4B-00C04F79EFBC}") = "BackendTests", "BackendTests\BackendTests.csproj", "{C0D9F733-9D92-4D40-B555-F1A1842895FB}"
EndProject
Global
	GlobalSection(SolutionConfigurationPlatforms) = preSolution
		Debug|Any CPU = Debug|Any CPU
		Release|Any CPU = Release|Any CPU
	EndGlobalSection
	GlobalSection(ProjectConfigurationPlatforms) = postSolution
		{D29D47E3-CD3C-4F0B-A321-EEB5CC307286}.Debug|Any CPU.ActiveCfg = Debug|Any CPU
		{D29D47E3-CD3C-4F0B-A321-EEB5CC307286}.Debug|Any CPU.Build.0 = Debug|Any CPU
		{D29D47E3-CD3C-4F0B-A321-EEB5CC307286}.Debug|Any CPU.Deploy.0 = Debug|Any CPU
		{D29D47E3-CD3C-4F0B-A321-EEB5CC307286}.Release|Any CPU.ActiveCfg = Release|Any CPU
		{D29D47E3-CD3C-4F0B-A321-EEB5CC307286}.Release|Any CPU.Build.0 = Release|Any CPU
		{D29D47E3-CD3C-4F0B-A321-EEB5CC307286}.Release|Any CPU.Deploy.0 = Release|Any CPU
		{00C70DB6-C001-46D3-BA3F-234220F01732}.Debug|Any CPU.ActiveCfg = Debug|Any CPU
		{00C70DB6-C001-46D3-BA3F-234220F01732}.Debug|Any CPU.Build.0 = Debug|Any CPU
		{00C70DB6-C001-46D3-BA3F-234220F01732}.Release|Any CPU.ActiveCfg = Release|Any CPU
		{00C70DB6-C001-46D3-BA3F-234220F01732}.Release|Any CPU.Build.0 = Release|Any CPU
		{C0D9F733-9D92-4D40-B555-F1A1842895FB}.Debug|Any CPU.ActiveCfg = Debug|Any CPU
		{C0D9F733-9D92-4D40-B555-F1A1842895FB}.Debug|Any CPU.Build.0 = Debug|Any CPU
		{C0D9F733-9D92-4D40-B555-F1A1842895FB}.Release|Any CPU.ActiveCfg = Release|Any CPU
		{C0D9F733-9D92-4D40-B555-F1A1842895FB}.Release|Any CPU.Build.0 = Release|Any CPU
	EndGlobalSection
	GlobalSection(SolutionProperties) = preSolution
		HideSolutionNode = FALSE
	EndGlobalSection
	GlobalSection(ExtensibilityGlobals) = postSolution
		SolutionGuid = {F5516B75-EE5E-4BC1-AAB5-BEE4967E06BE}
	EndGlobalSection
EndGlobal
